PODS:
  - SVProgressHUD (2.2.5)

DEPENDENCIES:
  - SVProgressHUD (~> 2.2.2)

SPEC REPOS:
  https://github.com/cocoapods/specs.git:
    - SVProgressHUD

SPEC CHECKSUMS:
  SVProgressHUD: 1428aafac632c1f86f62aa4243ec12008d7a51d6

PODFILE CHECKSUM: 687072413b2d14bb04fc1769a687e57735695927

COCOAPODS: 1.6.1
